// !$*UTF8*$!
{
	archiveVersion = 1;
	classes = {
	};
	objectVersion = 46;
	objects = {

/* Begin PBXBuildFile section */
		0906AE271B4A75EF00197020 /* main.m in Sources */ = {isa = PBXBuildFile; fileRef = 0906AE261B4A75EF00197020 /* main.m */; };
		0906AE2A1B4A75EF00197020 /* AppDelegate.m in Sources */ = {isa = PBXBuildFile; fileRef = 0906AE291B4A75EF00197020 /* AppDelegate.m */; };
		0906AE2D1B4A75EF00197020 /* ViewController.m in Sources */ = {isa = PBXBuildFile; fileRef = 0906AE2C1B4A75EF00197020 /* ViewController.m */; };
		0906AE301B4A75EF00197020 /* Main.storyboard in Resources */ = {isa = PBXBuildFile; fileRef = 0906AE2E1B4A75EF00197020 /* Main.storyboard */; };
		0906AE321B4A75EF00197020 /* Images.xcassets in Resources */ = {isa = PBXBuildFile; fileRef = 0906AE311B4A75EF00197020 /* Images.xcassets */; };
		0906AE351B4A75EF00197020 /* LaunchScreen.xib in Resources */ = {isa = PBXBuildFile; fileRef = 0906AE331B4A75EF00197020 /* LaunchScreen.xib */; };
		0906AE411B4A75EF00197020 /* HDSliderTabBarExampleTests.m in Sources */ = {isa = PBXBuildFile; fileRef = 0906AE401B4A75EF00197020 /* HDSliderTabBarExampleTests.m */; };
		0906AE4D1B4A763000197020 /* HDSliderTabBar.m in Sources */ = {isa = PBXBuildFile; fileRef = 0906AE4C1B4A763000197020 /* HDSliderTabBar.m */; };
/* End PBXBuildFile section */

/* Begin PBXContainerItemProxy section */
		0906AE3B1B4A75EF00197020 /* PBXContainerItemProxy */ = {
			isa = PBXContainerItemProxy;
			containerPortal = 0906AE191B4A75EF00197020 /* Project object */;
			proxyType = 1;
			remoteGlobalIDString = 0906AE201B4A75EF00197020;
			remoteInfo = HDSliderTabBarExample;
		};
/* End PBXContainerItemProxy section */

/* Begin PBXFileReference section */
		0906AE211B4A75EF00197020 /* HDSliderTabBarExample.app */ = {isa = PBXFileReference; explicitFileType = wrapper.application; includeInIndex = 0; path = HDSliderTabBarExample.app; sourceTree = BUILT_PRODUCTS_DIR; };
		0906AE251B4A75EF00197020 /* Info.plist */ = {isa = PBXFileReference; lastKnownFileType = text.plist.xml; path = Info.plist; sourceTree = "<group>"; };
		0906AE261B4A75EF00197020 /* main.m */ = {isa = PBXFileReference; lastKnownFileType = sourcecode.c.objc; path = main.m; sourceTree = "<group>"; };
		0906AE281B4A75EF00197020 /* AppDelegate.h */ = {isa = PBXFileReference; lastKnownFileType = sourcecode.c.h; path = AppDelegate.h; sourceTree = "<group>"; };
		0906AE291B4A75EF00197020 /* AppDelegate.m */ = {isa = PBXFileReference; lastKnownFileType = sourcecode.c.objc; path = AppDelegate.m; sourceTree = "<group>"; };
		0906AE2B1B4A75EF00197020 /* ViewController.h */ = {isa = PBXFileReference; lastKnownFileType = sourcecode.c.h; path = ViewController.h; sourceTree = "<group>"; };
		0906AE2C1B4A75EF00197020 /* ViewController.m */ = {isa = PBXFileReference; lastKnownFileType = sourcecode.c.objc; path = ViewController.m; sourceTree = "<group>"; };
		0906AE2F1B4A75EF00197020 /* Base */ = {isa = PBXFileReference; lastKnownFileType = file.storyboard; name = Base; path = Base.lproj/Main.storyboard; sourceTree = "<group>"; };
		0906AE311B4A75EF00197020 /* Images.xcassets */ = {isa = PBXFileReference; lastKnownFileType = folder.assetcatalog; path = Images.xcassets; sourceTree = "<group>"; };
		0906AE341B4A75EF00197020 /* Base */ = {isa = PBXFileReference; lastKnownFileType = file.xib; name = Base; path = Base.lproj/LaunchScreen.xib; sourceTree = "<group>"; };
		0906AE3A1B4A75EF00197020 /* HDSliderTabBarExampleTests.xctest */ = {isa = PBXFileReference; explicitFileType = wrapper.cfbundle; includeInIndex = 0; path = HDSliderTabBarExampleTests.xctest; sourceTree = BUILT_PRODUCTS_DIR; };
		0906AE3F1B4A75EF00197020 /* Info.plist */ = {isa = PBXFileReference; lastKnownFileType = text.plist.xml; path = Info.plist; sourceTree = "<group>"; };
		0906AE401B4A75EF00197020 /* HDSliderTabBarExampleTests.m */ = {isa = PBXFileReference; lastKnownFileType = sourcecode.c.objc; path = HDSliderTabBarExampleTests.m; sourceTree = "<group>"; };
		0906AE4B1B4A763000197020 /* HDSliderTabBar.h */ = {isa = PBXFileReference; fileEncoding = 4; lastKnownFileType = sourcecode.c.h; path = HDSliderTabBar.h; sourceTree = "<group>"; };
		0906AE4C1B4A763000197020 /* HDSliderTabBar.m */ = {isa = PBXFileReference; fileEncoding = 4; lastKnownFileType = sourcecode.c.objc; path = HDSliderTabBar.m; sourceTree = "<group>"; };
/* End PBXFileReference section */

/* Begin PBXFrameworksBuildPhase section */
		0906AE1E1B4A75EF00197020 /* Frameworks */ = {
			isa = PBXFrameworksBuildPhase;
			buildActionMask = 2147483647;
			files = (
			);
			runOnlyForDeploymentPostprocessing = 0;
		};
		0906AE371B4A75EF00197020 /* Frameworks */ = {
			isa = PBXFrameworksBuildPhase;
			buildActionMask = 2147483647;
			files = (
			);
			runOnlyForDeploymentPostprocessing = 0;
		};
/* End PBXFrameworksBuildPhase section */

/* Begin PBXGroup section */
		0906AE181B4A75EF00197020 = {
			isa = PBXGroup;
			children = (
				0906AE4A1B4A75FE00197020 /* HDSliderTabBar */,
				0906AE231B4A75EF00197020 /* HDSliderTabBarExample */,
				0906AE3D1B4A75EF00197020 /* HDSliderTabBarExampleTests */,
				0906AE221B4A75EF00197020 /* Products */,
			);
			sourceTree = "<group>";
		};
		0906AE221B4A75EF00197020 /* Products */ = {
			isa = PBXGroup;
			children = (
				0906AE211B4A75EF00197020 /* HDSliderTabBarExample.app */,
				0906AE3A1B4A75EF00197020 /* HDSliderTabBarExampleTests.xctest */,
			);
			name = Products;
			sourceTree = "<group>";
		};
		0906AE231B4A75EF00197020 /* HDSliderTabBarExample */ = {
			isa = PBXGroup;
			children = (
				0906AE281B4A75EF00197020 /* AppDelegate.h */,
				0906AE291B4A75EF00197020 /* AppDelegate.m */,
				0906AE2B1B4A75EF00197020 /* ViewController.h */,
				0906AE2C1B4A75EF00197020 /* ViewController.m */,
				0906AE2E1B4A75EF00197020 /* Main.storyboard */,
				0906AE311B4A75EF00197020 /* Images.xcassets */,
				0906AE331B4A75EF00197020 /* LaunchScreen.xib */,
				0906AE241B4A75EF00197020 /* Supporting Files */,
			);
			path = HDSliderTabBarExample;
			sourceTree = "<group>";
		};
		0906AE241B4A75EF00197020 /* Supporting Files */ = {
			isa = PBXGroup;
			children = (
				0906AE251B4A75EF00197020 /* Info.plist */,
				0906AE261B4A75EF00197020 /* main.m */,
			);
			name = "Supporting Files";
			sourceTree = "<group>";
		};
		0906AE3D1B4A75EF00197020 /* HDSliderTabBarExampleTests */ = {
			isa = PBXGroup;
			children = (
				0906AE401B4A75EF00197020 /* HDSliderTabBarExampleTests.m */,
				0906AE3E1B4A75EF00197020 /* Supporting Files */,
			);
			path = HDSliderTabBarExampleTests;
			sourceTree = "<group>";
		};
		0906AE3E1B4A75EF00197020 /* Supporting Files */ = {
			isa = PBXGroup;
			children = (
				0906AE3F1B4A75EF00197020 /* Info.plist */,
			);
			name = "Supporting Files";
			sourceTree = "<group>";
		};
		0906AE4A1B4A75FE00197020 /* HDSliderTabBar */ = {
			isa = PBXGroup;
			children = (
				0906AE4B1B4A763000197020 /* HDSliderTabBar.h */,
				0906AE4C1B4A763000197020 /* HDSliderTabBar.m */,
			);
			path = HDSliderTabBar;
			sourceTree = "<group>";
		};
/* End PBXGroup section */

/* Begin PBXNativeTarget section */
		0906AE201B4A75EF00197020 /* HDSliderTabBarExample */ = {
			isa = PBXNativeTarget;
			buildConfigurationList = 0906AE441B4A75EF00197020 /* Build configuration list for PBXNativeTarget "HDSliderTabBarExample" */;
			buildPhases = (
				0906AE1D1B4A75EF00197020 /* Sources */,
				0906AE1E1B4A75EF00197020 /* Frameworks */,
				0906AE1F1B4A75EF00197020 /* Resources */,
			);
			buildRules = (
			);
			dependencies = (
			);
			name = HDSliderTabBarExample;
			productName = HDSliderTabBarExample;
			productReference = 0906AE211B4A75EF00197020 /* HDSliderTabBarExample.app */;
			productType = "com.apple.product-type.application";
		};
		0906AE391B4A75EF00197020 /* HDSliderTabBarExampleTests */ = {
			isa = PBXNativeTarget;
			buildConfigurationList = 0906AE471B4A75EF00197020 /* Build configuration list for PBXNativeTarget "HDSliderTabBarExampleTests" */;
			buildPhases = (
				0906AE361B4A75EF00197020 /* Sources */,
				0906AE371B4A75EF00197020 /* Frameworks */,
				0906AE381B4A75EF00197020 /* Resources */,
			);
			buildRules = (
			);
			dependencies = (
				0906AE3C1B4A75EF00197020 /* PBXTargetDependency */,
			);
			name = HDSliderTabBarExampleTests;
			productName = HDSliderTabBarExampleTests;
			productReference = 0906AE3A1B4A75EF00197020 /* HDSliderTabBarExampleTests.xctest */;
			productType = "com.apple.product-type.bundle.unit-test";
		};
/* End PBXNativeTarget section */

/* Begin PBXProject section */
		0906AE191B4A75EF00197020 /* Project object */ = {
			isa = PBXProject;
			attributes = {
				LastUpgradeCheck = 0640;
				ORGANIZATIONNAME = "张达棣";
				TargetAttributes = {
					0906AE201B4A75EF00197020 = {
						CreatedOnToolsVersion = 6.4;
					};
					0906AE391B4A75EF00197020 = {
						CreatedOnToolsVersion = 6.4;
						TestTargetID = 0906AE201B4A75EF00197020;
					};
				};
			};
			buildConfigurationList = 0906AE1C1B4A75EF00197020 /* Build configuration list for PBXProject "HDSliderTabBarExample" */;
			compatibilityVersion = "Xcode 3.2";
			developmentRegion = English;
			hasScannedForEncodings = 0;
			knownRegions = (
				en,
				Base,
			);
			mainGroup = 0906AE181B4A75EF00197020;
			productRefGroup = 0906AE221B4A75EF00197020 /* Products */;
			projectDirPath = "";
			projectRoot = "";
			targets = (
				0906AE201B4A75EF00197020 /* HDSliderTabBarExample */,
				0906AE391B4A75EF00197020 /* HDSliderTabBarExampleTests */,
			);
		};
/* End PBXProject section */

/* Begin PBXResourcesBuildPhase section */
		0906AE1F1B4A75EF00197020 /* Resources */ = {
			isa = PBXResourcesBuildPhase;
			buildActionMask = 2147483647;
			files = (
				0906AE301B4A75EF00197020 /* Main.storyboard in Resources */,
				0906AE351B4A75EF00197020 /* LaunchScreen.xib in Resources */,
				0906AE321B4A75EF00197020 /* Images.xcassets in Resources */,
			);
			runOnlyForDeploymentPostprocessing = 0;
		};
		0906AE381B4A75EF00197020 /* Resources */ = {
			isa = PBXResourcesBuildPhase;
			buildActionMask = 2147483647;
			files = (
			);
			runOnlyForDeploymentPostprocessing = 0;
		};
/* End PBXResourcesBuildPhase section */

/* Begin PBXSourcesBuildPhase section */
		0906AE1D1B4A75EF00197020 /* Sources */ = {
			isa = PBXSourcesBuildPhase;
			buildActionMask = 2147483647;
			files = (
				0906AE2D1B4A75EF00197020 /* ViewController.m in Sources */,
				0906AE2A1B4A75EF00197020 /* AppDelegate.m in Sources */,
				0906AE4D1B4A763000197020 /* HDSliderTabBar.m in Sources */,
				0906AE271B4A75EF00197020 /* main.m in Sources */,
			);
			runOnlyForDeploymentPostprocessing = 0;
		};
		0906AE361B4A75EF00197020 /* Sources */ = {
			isa = PBXSourcesBuildPhase;
			buildActionMask = 2147483647;
			files = (
				0906AE411B4A75EF00197020 /* HDSliderTabBarExampleTests.m in Sources */,
			);
			runOnlyForDeploymentPostprocessing = 0;
		};
/* End PBXSourcesBuildPhase section */

/* Begin PBXTargetDependency section */
		0906AE3C1B4A75EF00197020 /* PBXTargetDependency */ = {
			isa = PBXTargetDependency;
			target = 0906AE201B4A75EF00197020 /* HDSliderTabBarExample */;
			targetProxy = 0906AE3B1B4A75EF00197020 /* PBXContainerItemProxy */;
		};
/* End PBXTargetDependency section */

/* Begin PBXVariantGroup section */
		0906AE2E1B4A75EF00197020 /* Main.storyboard */ = {
			isa = PBXVariantGroup;
			children = (
				0906AE2F1B4A75EF00197020 /* Base */,
			);
			name = Main.storyboard;
			sourceTree = "<group>";
		};
		0906AE331B4A75EF00197020 /* LaunchScreen.xib */ = {
			isa = PBXVariantGroup;
			children = (
				0906AE341B4A75EF00197020 /* Base */,
			);
			name = LaunchScreen.xib;
			sourceTree = "<group>";
		};
/* End PBXVariantGroup section */

/* Begin XCBuildConfiguration section */
		0906AE421B4A75EF00197020 /* Debug */ = {
			isa = XCBuildConfiguration;
			buildSettings = {
				ALWAYS_SEARCH_USER_PATHS = NO;
				CLANG_CXX_LANGUAGE_STANDARD = "gnu++0x";
				CLANG_CXX_LIBRARY = "libc++";
				CLANG_ENABLE_MODULES = YES;
				CLANG_ENABLE_OBJC_ARC = YES;
				CLANG_WARN_BOOL_CONVERSION = YES;
				CLANG_WARN_CONSTANT_CONVERSION = YES;
				CLANG_WARN_DIRECT_OBJC_ISA_USAGE = YES_ERROR;
				CLANG_WARN_EMPTY_BODY = YES;
				CLANG_WARN_ENUM_CONVERSION = YES;
				CLANG_WARN_INT_CONVERSION = YES;
				CLANG_WARN_OBJC_ROOT_CLASS = YES_ERROR;
				CLANG_WARN_UNREACHABLE_CODE = YES;
				CLANG_WARN__DUPLICATE_METHOD_MATCH = YES;
				"CODE_SIGN_IDENTITY[sdk=iphoneos*]" = "iPhone Developer";
				COPY_PHASE_STRIP = NO;
				DEBUG_INFORMATION_FORMAT = "dwarf-with-dsym";
				ENABLE_STRICT_OBJC_MSGSEND = YES;
				GCC_C_LANGUAGE_STANDARD = gnu99;
				GCC_DYNAMIC_NO_PIC = NO;
				GCC_NO_COMMON_BLOCKS = YES;
				GCC_OPTIMIZATION_LEVEL = 0;
				GCC_PREPROCESSOR_DEFINITIONS = (
					"DEBUG=1",
					"$(inherited)",
				);
				GCC_SYMBOLS_PRIVATE_EXTERN = NO;
				GCC_WARN_64_TO_32_BIT_CONVERSION = YES;
				GCC_WARN_ABOUT_RETURN_TYPE = YES_ERROR;
				GCC_WARN_UNDECLARED_SELECTOR = YES;
				GCC_WARN_UNINITIALIZED_AUTOS = YES_AGGRESSIVE;
				GCC_WARN_UNUSED_FUNCTION = YES;
				GCC_WARN_UNUSED_VARIABLE = YES;
				IPHONEOS_DEPLOYMENT_TARGET = 8.4;
				MTL_ENABLE_DEBUG_INFO = YES;
				ONLY_ACTIVE_ARCH = YES;
				SDKROOT = iphoneos;
				TARGETED_DEVICE_FAMILY = "1,2";
			};
			name = Debug;
		};
		0906AE431B4A75EF00197020 /* Release */ = {
			isa = XCBuildConfiguration;
			buildSettings = {
				ALWAYS_SEARCH_USER_PATHS = NO;
				CLANG_CXX_LANGUAGE_STANDARD = "gnu++0x";
				CLANG_CXX_LIBRARY = "libc++";
				CLANG_ENABLE_MODULES = YES;
				CLANG_ENABLE_OBJC_ARC = YES;
				CLANG_WARN_BOOL_CONVERSION = YES;
				CLANG_WARN_CONSTANT_CONVERSION = YES;
				CLANG_WARN_DIRECT_OBJC_ISA_USAGE = YES_ERROR;
				CLANG_WARN_EMPTY_BODY = YES;
				CLANG_WARN_ENUM_CONVERSION = YES;
				CLANG_WARN_INT_CONVERSION = YES;
				CLANG_WARN_OBJC_ROOT_CLASS = YES_ERROR;
				CLANG_WARN_UNREACHABLE_CODE = YES;
				CLANG_WARN__DUPLICATE_METHOD_MATCH = YES;
				"CODE_SIGN_IDENTITY[sdk=iphoneos*]" = "iPhone Developer";
				COPY_PHASE_STRIP = NO;
				DEBUG_INFORMATION_FORMAT = "dwarf-with-dsym";
				ENABLE_NS_ASSERTIONS = NO;
				ENABLE_STRICT_OBJC_MSGSEND = YES;
				GCC_C_LANGUAGE_STANDARD = gnu99;
				GCC_NO_COMMON_BLOCKS = YES;
				GCC_WARN_64_TO_32_BIT_CONVERSION = YES;
				GCC_WARN_ABOUT_RETURN_TYPE = YES_ERROR;
				GCC_WARN_UNDECLARED_SELECTOR = YES;
				GCC_WARN_UNINITIALIZED_AUTOS = YES_AGGRESSIVE;
				GCC_WARN_UNUSED_FUNCTION = YES;
				GCC_WARN_UNUSED_VARIABLE = YES;
				IPHONEOS_DEPLOYMENT_TARGET = 8.4;
				MTL_ENABLE_DEBUG_INFO = NO;
				SDKROOT = iphoneos;
				TARGETED_DEVICE_FAMILY = "1,2";
				VALIDATE_PRODUCT = YES;
			};
			name = Release;
		};
		0906AE451B4A75EF00197020 /* Debug */ = {
			isa = XCBuildConfiguration;
			buildSettings = {
				ASSETCATALOG_COMPILER_APPICON_NAME = AppIcon;
				INFOPLIST_FILE = HDSliderTabBarExample/Info.plist;
				LD_RUNPATH_SEARCH_PATHS = "$(inherited) @executable_path/Frameworks";
				PRODUCT_NAME = "$(TARGET_NAME)";
			};
			name = Debug;
		};
		0906AE461B4A75EF00197020 /* Release */ = {
			isa = XCBuildConfiguration;
			buildSettings = {
				ASSETCATALOG_COMPILER_APPICON_NAME = AppIcon;
				INFOPLIST_FILE = HDSliderTabBarExample/Info.plist;
				LD_RUNPATH_SEARCH_PATHS = "$(inherited) @executable_path/Frameworks";
				PRODUCT_NAME = "$(TARGET_NAME)";
			};
			name = Release;
		};
		0906AE481B4A75EF00197020 /* Debug */ = {
			isa = XCBuildConfiguration;
			buildSettings = {
				BUNDLE_LOADER = "$(TEST_HOST)";
				FRAMEWORK_SEARCH_PATHS = (
					"$(SDKROOT)/Developer/Library/Frameworks",
					"$(inherited)",
				);
				GCC_PREPROCESSOR_DEFINITIONS = (
					"DEBUG=1",
					"$(inherited)",
				);
				INFOPLIST_FILE = HDSliderTabBarExampleTests/Info.plist;
				LD_RUNPATH_SEARCH_PATHS = "$(inherited) @executable_path/Frameworks @loader_path/Frameworks";
				PRODUCT_NAME = "$(TARGET_NAME)";
				TEST_HOST = "$(BUILT_PRODUCTS_DIR)/HDSliderTabBarExample.app/HDSliderTabBarExample";
			};
			name = Debug;
		};
		0906AE491B4A75EF00197020 /* Release */ = {
			isa = XCBuildConfiguration;
			buildSettings = {
				BUNDLE_LOADER = "$(TEST_HOST)";
				FRAMEWORK_SEARCH_PATHS = (
					"$(SDKROOT)/Developer/Library/Frameworks",
					"$(inherited)",
				);
				INFOPLIST_FILE = HDSliderTabBarExampleTests/Info.plist;
				LD_RUNPATH_SEARCH_PATHS = "$(inherited) @executable_path/Frameworks @loader_path/Frameworks";
				PRODUCT_NAME = "$(TARGET_NAME)";
				TEST_HOST = "$(BUILT_PRODUCTS_DIR)/HDSliderTabBarExample.app/HDSliderTabBarExample";
			};
			name = Release;
		};
/* End XCBuildConfiguration section */

/* Begin XCConfigurationList section */
		0906AE1C1B4A75EF00197020 /* Build configuration list for PBXProject "HDSliderTabBarExample" */ = {
			isa = XCConfigurationList;
			buildConfigurations = (
				0906AE421B4A75EF00197020 /* Debug */,
				0906AE431B4A75EF00197020 /* Release */,
			);
			defaultConfigurationIsVisible = 0;
			defaultConfigurationName = Release;
		};
		0906AE441B4A75EF00197020 /* Build configuration list for PBXNativeTarget "HDSliderTabBarExample" */ = {
			isa = XCConfigurationList;
			buildConfigurations = (
				0906AE451B4A75EF00197020 /* Debug */,
				0906AE461B4A75EF00197020 /* Release */,
			);
			defaultConfigurationIsVisible = 0;
		};
		0906AE471B4A75EF00197020 /* Build configuration list for PBXNativeTarget "HDSliderTabBarExampleTests" */ = {
			isa = XCConfigurationList;
			buildConfigurations = (
				0906AE481B4A75EF00197020 /* Debug */,
				0906AE491B4A75EF00197020 /* Release */,
			);
			defaultConfigurationIsVisible = 0;
		};
/* End XCConfigurationList section */
	};
	rootObject = 0906AE191B4A75EF00197020 /* Project object */;
}
